
Microsoft Visual Studio Solution File, Format Version 12.00
# Visual Studio Version 16
VisualStudioVersion = 16.0.31112.23
MinimumVisualStudioVersion = 10.0.40219.1
Project("{FAE04EC0-301F-11D3-BF4B-00C04F79EFBC}") = "BookMvcList", "BookMvcList\BookMvcList.csproj", "{14C26D76-6660-49F2-BD47-6F0749942C34}"
EndProject
Global
	GlobalSection(SolutionConfigurationPlatforms) = preSolution
		Debug|Any CPU = Debug|Any CPU
		Release|Any CPU = Release|Any CPU
	EndGlobalSection
	GlobalSection(ProjectConfigurationPlatforms) = postSolution
		{14C26D76-6660-49F2-BD47-6F0749942C34}.Debug|Any CPU.ActiveCfg = Debug|Any CPU
		{14C26D76-6660-49F2-BD47-6F0749942C34}.Debug|Any CPU.Build.0 = Debug|Any CPU
		{14C26D76-6660-49F2-BD47-6F0749942C34}.Release|Any CPU.ActiveCfg = Release|Any CPU
		{14C26D76-6660-49F2-BD47-6F0749942C34}.Release|Any CPU.Build.0 = Release|Any CPU
	EndGlobalSection
	GlobalSection(SolutionProperties) = preSolution
		HideSolutionNode = FALSE
	EndGlobalSection
	GlobalSection(ExtensibilityGlobals) = postSolution
		SolutionGuid = {43C21D37-CC8B-42AF-ABFA-05FD309147E9}
	EndGlobalSection
EndGlobal
