
Microsoft Visual Studio Solution File, Format Version 12.00
# Visual Studio Version 16
VisualStudioVersion = 16.0.31129.286
MinimumVisualStudioVersion = 10.0.40219.1
Project("{FAE04EC0-301F-11D3-BF4B-00C04F79EFBC}") = "WebApiDotNet5", "WebApiDotNet5\WebApiDotNet5.csproj", "{1FE86B66-02EB-4498-B575-95DAFABA0D63}"
EndProject
Global
	GlobalSection(SolutionConfigurationPlatforms) = preSolution
		Debug|Any CPU = Debug|Any CPU
		Release|Any CPU = Release|Any CPU
	EndGlobalSection
	GlobalSection(ProjectConfigurationPlatforms) = postSolution
		{1FE86B66-02EB-4498-B575-95DAFABA0D63}.Debug|Any CPU.ActiveCfg = Debug|Any CPU
		{1FE86B66-02EB-4498-B575-95DAFABA0D63}.Debug|Any CPU.Build.0 = Debug|Any CPU
		{1FE86B66-02EB-4498-B575-95DAFABA0D63}.Release|Any CPU.ActiveCfg = Release|Any CPU
		{1FE86B66-02EB-4498-B575-95DAFABA0D63}.Release|Any CPU.Build.0 = Release|Any CPU
	EndGlobalSection
	GlobalSection(SolutionProperties) = preSolution
		HideSolutionNode = FALSE
	EndGlobalSection
	GlobalSection(ExtensibilityGlobals) = postSolution
		SolutionGuid = {AE797637-7E42-45EC-9DFF-E1F7C56819AE}
	EndGlobalSection
EndGlobal
